
Microsoft Visual Studio Solution File, Format Version 12.00
# Visual Studio 15
VisualStudioVersion = 15.0.28307.1209
MinimumVisualStudioVersion = 10.0.40219.1
Project("{FAE04EC0-301F-11D3-BF4B-00C04F79EFBC}") = "WebApplication1", "WebApplication1\WebApplication1.csproj", "{1532EA76-21E8-421E-B61A-2396A1B8301E}"
EndProject
Global
	GlobalSection(SolutionConfigurationPlatforms) = preSolution
		Debug|Any CPU = Debug|Any CPU
		Release|Any CPU = Release|Any CPU
	EndGlobalSection
	GlobalSection(ProjectConfigurationPlatforms) = postSolution
		{1532EA76-21E8-421E-B61A-2396A1B8301E}.Debug|Any CPU.ActiveCfg = Debug|Any CPU
		{1532EA76-21E8-421E-B61A-2396A1B8301E}.Debug|Any CPU.Build.0 = Debug|Any CPU
		{1532EA76-21E8-421E-B61A-2396A1B8301E}.Release|Any CPU.ActiveCfg = Release|Any CPU
		{1532EA76-21E8-421E-B61A-2396A1B8301E}.Release|Any CPU.Build.0 = Release|Any CPU
	EndGlobalSection
	GlobalSection(SolutionProperties) = preSolution
		HideSolutionNode = FALSE
	EndGlobalSection
	GlobalSection(ExtensibilityGlobals) = postSolution
		SolutionGuid = {E05B4CB5-9B44-4FF5-8AAB-C3E4A721E661}
	EndGlobalSection
EndGlobal
